{
    "_readme": [
        "This file locks the dependencies of your project to a known state",
        "Read more about it at http://getcomposer.org/doc/01-basic-usage.md#composer-lock-the-lock-file",
        "This file is @generated automatically"
    ],
    "hash": "9ad350497fd568a7093e2e4e4e61ae73",
    "packages": [
        {
            "name": "element-34/php-webdriver",
            "version": "v1.12.0",
            "source": {
                "type": "git",
                "url": "https://github.com/Element-34/php-webdriver.git",
                "reference": "78245f11984bb75a1c3eed8df169d6b5e2445095"
            },
            "dist": {
                "type": "zip",
                "url": "https://api.github.com/repos/Element-34/php-webdriver/zipball/78245f11984bb75a1c3eed8df169d6b5e2445095",
                "reference": "78245f11984bb75a1c3eed8df169d6b5e2445095",
                "shasum": ""
            },
            "type": "library",
            "autoload": {
                "classmap": [
                    "PHPWebDriver",
                    "test",
                    "www"
                ]
            },
            "notification-url": "https://packagist.org/downloads/",
            "license": [
                "Apache-2.0"
            ],
            "authors": [
                {
                    "name": "Adam Goucher",
                    "email": "adam@element34.ca",
                    "role": "lead"
                }
            ],
            "description": "Thin php client for webdriver",
            "homepage": "https://github.com/Element-34/php-webdriver",
            "keywords": [
                "php",
                "selenium",
                "webdriver"
            ],
            "time": "2013-08-22 01:01:34"
        },
        {
            "name": "symfony/yaml",
            "version": "dev-master",
            "target-dir": "Symfony/Component/Yaml",
            "source": {
                "type": "git",
                "url": "https://github.com/symfony/Yaml.git",
                "reference": "1c1dd293c44d4e5b19833a9430c6a3caaf9dd400"
            },
            "dist": {
                "type": "zip",
                "url": "https://api.github.com/repos/symfony/Yaml/zipball/1c1dd293c44d4e5b19833a9430c6a3caaf9dd400",
                "reference": "1c1dd293c44d4e5b19833a9430c6a3caaf9dd400",
                "shasum": ""
            },
            "require": {
                "php": ">=5.3.3"
            },
            "type": "library",
            "extra": {
                "branch-alias": {
                    "dev-master": "3.0-dev"
                }
            },
            "autoload": {
                "psr-0": {
                    "Symfony\\Component\\Yaml\\": ""
                }
            },
            "notification-url": "https://packagist.org/downloads/",
            "license": [
                "MIT"
            ],
            "authors": [
                {
                    "name": "Symfony Community",
                    "homepage": "http://symfony.com/contributors"
                },
                {
                    "name": "Fabien Potencier",
                    "email": "fabien@symfony.com"
                }
            ],
            "description": "Symfony Yaml Component",
            "homepage": "http://symfony.com",
            "time": "2014-11-20 13:24:36"
        },
        {
            "name": "webino/webino-dev",
            "version": "dev-master",
            "source": {
                "type": "git",
                "url": "https://github.com/webino/WebinoDev.git",
                "reference": "8d603070568623afc49d479ae2424498154a1b5c"
            },
            "dist": {
                "type": "zip",
                "url": "https://api.github.com/repos/webino/WebinoDev/zipball/8d603070568623afc49d479ae2424498154a1b5c",
                "reference": "8d603070568623afc49d479ae2424498154a1b5c",
                "shasum": ""
            },
            "require": {
                "element-34/php-webdriver": "1.*",
                "php": ">=5.4",
                "zendframework/zend-code": "2.*",
                "zendframework/zend-developer-tools": "dev-master",
                "zendframework/zend-di": "2.*",
                "zendframework/zend-modulemanager": "2.*"
            },
            "require-dev": {
                "phpunit/phpunit": "4.*",
                "zendframework/zendframework": "2.*"
            },
            "type": "library",
            "autoload": {
                "psr-0": {
                    "WebinoDev": "src/"
                }
            },
            "notification-url": "https://packagist.org/downloads/",
            "license": [
                "BSD-3-Clause"
            ],
            "authors": [
                {
                    "name": "Webino, s. r. o.",
                    "email": "info@webino.sk",
                    "homepage": "http://webino.sk",
                    "role": "Developer"
                },
                {
                    "name": "Peter Bacinsky",
                    "email": "peter@bacinsky.sk",
                    "homepage": "http://bacinsky.sk",
                    "role": "Developer"
                }
            ],
            "description": "Webino developers module for Zend Framework 2",
            "homepage": "http://github.com/webino/WebinoDev",
            "keywords": [
                "dev",
                "developers",
                "webino",
                "zf2"
            ],
            "time": "2014-10-16 03:01:01"
        },
        {
            "name": "zendframework/zend-code",
            "version": "dev-develop",
            "target-dir": "Zend/Code",
            "source": {
                "type": "git",
                "url": "https://github.com/zendframework/Component_ZendCode.git",
                "reference": "c9cc60fa85c22a9acaba6925765eb48d0dfb8c28"
            },
            "dist": {
                "type": "zip",
                "url": "https://api.github.com/repos/zendframework/Component_ZendCode/zipball/c9cc60fa85c22a9acaba6925765eb48d0dfb8c28",
                "reference": "c9cc60fa85c22a9acaba6925765eb48d0dfb8c28",
                "shasum": ""
            },
            "require": {
                "php": ">=5.3.23",
                "zendframework/zend-eventmanager": "self.version"
            },
            "require-dev": {
                "doctrine/common": ">=2.1",
                "zendframework/zend-stdlib": "self.version"
            },
            "suggest": {
                "doctrine/common": "Doctrine\\Common >=2.1 for annotation features",
                "zendframework/zend-stdlib": "Zend\\Stdlib component"
            },
            "type": "library",
            "extra": {
                "branch-alias": {
                    "dev-master": "2.2-dev",
                    "dev-develop": "2.3-dev"
                }
            },
            "autoload": {
                "psr-0": {
                    "Zend\\Code\\": ""
                }
            },
            "notification-url": "https://packagist.org/downloads/",
            "license": [
                "BSD-3-Clause"
            ],
            "description": "provides facilities to generate arbitrary code using an object oriented interface",
            "keywords": [
                "code",
                "zf2"
            ],
            "time": "2014-03-05 16:00:14"
        },
        {
            "name": "zendframework/zend-debug",
            "version": "dev-develop",
            "target-dir": "Zend/Debug",
            "source": {
                "type": "git",
                "url": "https://github.com/zendframework/Component_ZendDebug.git",
                "reference": "02d4420dd30dc64b03f25f6b4270d477c725c45e"
            },
            "dist": {
                "type": "zip",
                "url": "https://api.github.com/repos/zendframework/Component_ZendDebug/zipball/02d4420dd30dc64b03f25f6b4270d477c725c45e",
                "reference": "02d4420dd30dc64b03f25f6b4270d477c725c45e",
                "shasum": ""
            },
            "require": {
                "php": ">=5.3.3"
            },
            "require-dev": {
                "zendframework/zend-escaper": "*"
            },
            "suggest": {
                "ext/xdebug": "XDebug, for better backtrace output",
                "zendframework/zend-escaper": "To support escaped output"
            },
            "type": "library",
            "extra": {
                "branch-alias": {
                    "dev-master": "2.2-dev",
                    "dev-develop": "2.3-dev"
                }
            },
            "autoload": {
                "psr-0": {
                    "Zend\\Debug\\": ""
                }
            },
            "notification-url": "https://packagist.org/downloads/",
            "license": [
                "BSD-3-Clause"
            ],
            "keywords": [
                "debug",
                "zf2"
            ],
            "time": "2014-01-02 17:00:25"
        },
        {
            "name": "zendframework/zend-developer-tools",
            "version": "dev-master",
            "source": {
                "type": "git",
                "url": "https://github.com/zendframework/ZendDeveloperTools.git",
                "reference": "5e38d0889a34bfbfccef2acb93ca9f4df40dfe31"
            },
            "dist": {
                "type": "zip",
                "url": "https://api.github.com/repos/zendframework/ZendDeveloperTools/zipball/5e38d0889a34bfbfccef2acb93ca9f4df40dfe31",
                "reference": "5e38d0889a34bfbfccef2acb93ca9f4df40dfe31",
                "shasum": ""
            },
            "require": {
                "php": ">=5.3.3",
                "zendframework/zend-debug": "2.*",
                "zendframework/zend-eventmanager": "2.*",
                "zendframework/zend-mvc": "2.*",
                "zendframework/zend-servicemanager": "2.*",
                "zendframework/zend-stdlib": "2.*",
                "zendframework/zend-version": "2.*"
            },
            "suggest": {
                "bjyoungblood/bjy-profiler": "Version: dev-master, allows the usage of the (Zend) Db collector.",
                "ocramius/ocra-service-manager": "OcraServiceManager can help you track dependencies within your application."
            },
            "type": "zf-module",
            "autoload": {
                "psr-0": {
                    "ZendDeveloperTools": "src/"
                },
                "classmap": [
                    "./Module.php"
                ]
            },
            "notification-url": "https://packagist.org/downloads/",
            "license": [
                "BSD-3-Clause"
            ],
            "authors": [
                {
                    "name": "Evan Coury",
                    "email": "me@evancoury.com",
                    "homepage": "http://blog.evan.pro/"
                },
                {
                    "name": "Eric Boh",
                    "email": "cossish@gmail.com"
                }
            ],
            "description": "Module for developer and debug tools for working with the ZF2 MVC layer.",
            "homepage": "https://github.com/zendframework/ZendDeveloperTools",
            "keywords": [
                "debug",
                "developer",
                "module",
                "zf2"
            ],
            "time": "2014-10-23 18:27:03"
        },
        {
            "name": "zendframework/zend-di",
            "version": "dev-develop",
            "target-dir": "Zend/Di",
            "source": {
                "type": "git",
                "url": "https://github.com/zendframework/Component_ZendDi.git",
                "reference": "f34e222fadf293e61b187a5a84492025da4b0f5a"
            },
            "dist": {
                "type": "zip",
                "url": "https://api.github.com/repos/zendframework/Component_ZendDi/zipball/f34e222fadf293e61b187a5a84492025da4b0f5a",
                "reference": "f34e222fadf293e61b187a5a84492025da4b0f5a",
                "shasum": ""
            },
            "require": {
                "php": ">=5.3.3",
                "zendframework/zend-code": "self.version",
                "zendframework/zend-stdlib": "self.version"
            },
            "type": "library",
            "extra": {
                "branch-alias": {
                    "dev-master": "2.2-dev",
                    "dev-develop": "2.3-dev"
                }
            },
            "autoload": {
                "psr-0": {
                    "Zend\\Di\\": ""
                }
            },
            "notification-url": "https://packagist.org/downloads/",
            "license": [
                "BSD-3-Clause"
            ],
            "keywords": [
                "di",
                "zf2"
            ],
            "time": "2014-03-03 23:00:38"
        },
        {
            "name": "zendframework/zend-eventmanager",
            "version": "dev-develop",
            "target-dir": "Zend/EventManager",
            "source": {
                "type": "git",
                "url": "https://github.com/zendframework/Component_ZendEventManager.git",
                "reference": "e232aeeab9ae6545ac21c8fc2728d54297969658"
            },
            "dist": {
                "type": "zip",
                "url": "https://api.github.com/repos/zendframework/Component_ZendEventManager/zipball/e232aeeab9ae6545ac21c8fc2728d54297969658",
                "reference": "e232aeeab9ae6545ac21c8fc2728d54297969658",
                "shasum": ""
            },
            "require": {
                "php": ">=5.3.3",
                "zendframework/zend-stdlib": "self.version"
            },
            "type": "library",
            "extra": {
                "branch-alias": {
                    "dev-master": "2.2-dev",
                    "dev-develop": "2.3-dev"
                }
            },
            "autoload": {
                "psr-0": {
                    "Zend\\EventManager\\": ""
                }
            },
            "notification-url": "https://packagist.org/downloads/",
            "license": [
                "BSD-3-Clause"
            ],
            "keywords": [
                "eventmanager",
                "zf2"
            ],
            "time": "2014-01-04 13:01:02"
        },
        {
            "name": "zendframework/zend-json",
            "version": "dev-develop",
            "target-dir": "Zend/Json",
            "source": {
                "type": "git",
                "url": "https://github.com/zendframework/Component_ZendJson.git",
                "reference": "980f02326d01a7eda055e9aaa253b53367ffac4b"
            },
            "dist": {
                "type": "zip",
                "url": "https://api.github.com/repos/zendframework/Component_ZendJson/zipball/980f02326d01a7eda055e9aaa253b53367ffac4b",
                "reference": "980f02326d01a7eda055e9aaa253b53367ffac4b",
                "shasum": ""
            },
            "require": {
                "php": ">=5.3.23",
                "zendframework/zend-stdlib": "self.version"
            },
            "require-dev": {
                "zendframework/zend-http": "self.version",
                "zendframework/zend-server": "self.version"
            },
            "suggest": {
                "zendframework/zend-http": "Zend\\Http component",
                "zendframework/zend-server": "Zend\\Server component"
            },
            "type": "library",
            "extra": {
                "branch-alias": {
                    "dev-master": "2.2-dev",
                    "dev-develop": "2.3-dev"
                }
            },
            "autoload": {
                "psr-0": {
                    "Zend\\Json\\": ""
                }
            },
            "notification-url": "https://packagist.org/downloads/",
            "license": [
                "BSD-3-Clause"
            ],
            "description": "provides convenience methods for serializing native PHP to JSON and decoding JSON to native PHP",
            "keywords": [
                "json",
                "zf2"
            ],
            "time": "2014-03-07 22:01:36"
        },
        {
            "name": "zendframework/zend-modulemanager",
            "version": "dev-develop",
            "target-dir": "Zend/ModuleManager",
            "source": {
                "type": "git",
                "url": "https://github.com/zendframework/Component_ZendModuleManager.git",
                "reference": "0b35072b567aea79d95271b3ca73458424208175"
            },
            "dist": {
                "type": "zip",
                "url": "https://api.github.com/repos/zendframework/Component_ZendModuleManager/zipball/0b35072b567aea79d95271b3ca73458424208175",
                "reference": "0b35072b567aea79d95271b3ca73458424208175",
                "shasum": ""
            },
            "require": {
                "php": ">=5.3.23",
                "zendframework/zend-eventmanager": "self.version",
                "zendframework/zend-stdlib": "self.version"
            },
            "require-dev": {
                "zendframework/zend-config": "self.version",
                "zendframework/zend-console": "self.version",
                "zendframework/zend-loader": "self.version",
                "zendframework/zend-mvc": "self.version",
                "zendframework/zend-servicemanager": "self.version"
            },
            "suggest": {
                "zendframework/zend-config": "Zend\\Config component",
                "zendframework/zend-console": "Zend\\Console component",
                "zendframework/zend-loader": "Zend\\Loader component",
                "zendframework/zend-mvc": "Zend\\Mvc component",
                "zendframework/zend-servicemanager": "Zend\\ServiceManager component"
            },
            "type": "library",
            "extra": {
                "branch-alias": {
                    "dev-master": "2.2-dev",
                    "dev-develop": "2.3-dev"
                }
            },
            "autoload": {
                "psr-0": {
                    "Zend\\ModuleManager\\": ""
                }
            },
            "notification-url": "https://packagist.org/downloads/",
            "license": [
                "BSD-3-Clause"
            ],
            "keywords": [
                "modulemanager",
                "zf2"
            ],
            "time": "2014-03-10 21:00:10"
        },
        {
            "name": "zendframework/zend-mvc",
            "version": "dev-develop",
            "target-dir": "Zend/Mvc",
            "source": {
                "type": "git",
                "url": "https://github.com/zendframework/Component_ZendMvc.git",
                "reference": "4e6f8db4609df7cd421f5391d0414dbbb14ccf01"
            },
            "dist": {
                "type": "zip",
                "url": "https://api.github.com/repos/zendframework/Component_ZendMvc/zipball/4e6f8db4609df7cd421f5391d0414dbbb14ccf01",
                "reference": "4e6f8db4609df7cd421f5391d0414dbbb14ccf01",
                "shasum": ""
            },
            "require": {
                "php": ">=5.3.23",
                "zendframework/zend-eventmanager": "self.version",
                "zendframework/zend-servicemanager": "self.version",
                "zendframework/zend-stdlib": "self.version"
            },
            "require-dev": {
                "zendframework/zend-authentication": "self.version",
                "zendframework/zend-console": "self.version",
                "zendframework/zend-di": "self.version",
                "zendframework/zend-filter": "self.version",
                "zendframework/zend-form": "self.version",
                "zendframework/zend-http": "self.version",
                "zendframework/zend-i18n": "self.version",
                "zendframework/zend-inputfilter": "self.version",
                "zendframework/zend-json": "self.version",
                "zendframework/zend-modulemanager": "self.version",
                "zendframework/zend-serializer": "self.version",
                "zendframework/zend-session": "self.version",
                "zendframework/zend-text": "self.version",
                "zendframework/zend-uri": "self.version",
                "zendframework/zend-validator": "self.version",
                "zendframework/zend-version": "self.version",
                "zendframework/zend-view": "self.version"
            },
            "suggest": {
                "zendframework/zend-authentication": "Zend\\Authentication component for Identity plugin",
                "zendframework/zend-config": "Zend\\Config component",
                "zendframework/zend-console": "Zend\\Console component",
                "zendframework/zend-di": "Zend\\Di component",
                "zendframework/zend-filter": "Zend\\Filter component",
                "zendframework/zend-form": "Zend\\Form component",
                "zendframework/zend-http": "Zend\\Http component",
                "zendframework/zend-i18n": "Zend\\I18n component for translatable segments",
                "zendframework/zend-inputfilter": "Zend\\Inputfilter component",
                "zendframework/zend-json": "Zend\\Json component",
                "zendframework/zend-modulemanager": "Zend\\ModuleManager component",
                "zendframework/zend-serializer": "Zend\\Serializer component",
                "zendframework/zend-session": "Zend\\Session component for FlashMessenger, PRG, and FPRG plugins",
                "zendframework/zend-stdlib": "Zend\\Stdlib component",
                "zendframework/zend-text": "Zend\\Text component",
                "zendframework/zend-uri": "Zend\\Uri component",
                "zendframework/zend-validator": "Zend\\Validator component",
                "zendframework/zend-version": "Zend\\Version component",
                "zendframework/zend-view": "Zend\\View component"
            },
            "type": "library",
            "extra": {
                "branch-alias": {
                    "dev-master": "2.2-dev",
                    "dev-develop": "2.3-dev"
                }
            },
            "autoload": {
                "psr-0": {
                    "Zend\\Mvc\\": ""
                }
            },
            "notification-url": "https://packagist.org/downloads/",
            "license": [
                "BSD-3-Clause"
            ],
            "keywords": [
                "mvc",
                "zf2"
            ],
            "time": "2014-03-13 08:00:07"
        },
        {
            "name": "zendframework/zend-servicemanager",
            "version": "dev-develop",
            "target-dir": "Zend/ServiceManager",
            "source": {
                "type": "git",
                "url": "https://github.com/zendframework/Component_ZendServiceManager.git",
                "reference": "4911c6c6f58d7058e351e6fe8ecff14666da1259"
            },
            "dist": {
                "type": "zip",
                "url": "https://api.github.com/repos/zendframework/Component_ZendServiceManager/zipball/4911c6c6f58d7058e351e6fe8ecff14666da1259",
                "reference": "4911c6c6f58d7058e351e6fe8ecff14666da1259",
                "shasum": ""
            },
            "require": {
                "php": ">=5.3.3"
            },
            "require-dev": {
                "zendframework/zend-di": "self.version"
            },
            "suggest": {
                "zendframework/zend-di": "Zend\\Di component"
            },
            "type": "library",
            "extra": {
                "branch-alias": {
                    "dev-master": "2.2-dev",
                    "dev-develop": "2.3-dev"
                }
            },
            "autoload": {
                "psr-0": {
                    "Zend\\ServiceManager\\": ""
                }
            },
            "notification-url": "https://packagist.org/downloads/",
            "license": [
                "BSD-3-Clause"
            ],
            "keywords": [
                "servicemanager",
                "zf2"
            ],
            "time": "2014-03-03 21:00:12"
        },
        {
            "name": "zendframework/zend-stdlib",
            "version": "dev-develop",
            "target-dir": "Zend/Stdlib",
            "source": {
                "type": "git",
                "url": "https://github.com/zendframework/Component_ZendStdlib.git",
                "reference": "3acce3d524c5c5b7e92c90b0c2763068c1efaf2c"
            },
            "dist": {
                "type": "zip",
                "url": "https://api.github.com/repos/zendframework/Component_ZendStdlib/zipball/3acce3d524c5c5b7e92c90b0c2763068c1efaf2c",
                "reference": "3acce3d524c5c5b7e92c90b0c2763068c1efaf2c",
                "shasum": ""
            },
            "require": {
                "php": ">=5.3.23"
            },
            "require-dev": {
                "zendframework/zend-eventmanager": "self.version",
                "zendframework/zend-serializer": "self.version",
                "zendframework/zend-servicemanager": "self.version"
            },
            "suggest": {
                "zendframework/zend-eventmanager": "To support aggregate hydrator usage",
                "zendframework/zend-serializer": "Zend\\Serializer component",
                "zendframework/zend-servicemanager": "To support hydrator plugin manager usage"
            },
            "type": "library",
            "extra": {
                "branch-alias": {
                    "dev-master": "2.2-dev",
                    "dev-develop": "2.3-dev"
                }
            },
            "autoload": {
                "psr-0": {
                    "Zend\\Stdlib\\": ""
                }
            },
            "notification-url": "https://packagist.org/downloads/",
            "license": [
                "BSD-3-Clause"
            ],
            "keywords": [
                "stdlib",
                "zf2"
            ],
            "time": "2014-03-13 16:12:22"
        },
        {
            "name": "zendframework/zend-version",
            "version": "dev-develop",
            "target-dir": "Zend/Version",
            "source": {
                "type": "git",
                "url": "https://github.com/zendframework/Component_ZendVersion.git",
                "reference": "4dcaa5ce4f9645d14b23605bb2a4389e712b69e4"
            },
            "dist": {
                "type": "zip",
                "url": "https://api.github.com/repos/zendframework/Component_ZendVersion/zipball/4dcaa5ce4f9645d14b23605bb2a4389e712b69e4",
                "reference": "4dcaa5ce4f9645d14b23605bb2a4389e712b69e4",
                "shasum": ""
            },
            "require": {
                "php": ">=5.3.23",
                "zendframework/zend-json": "self.version"
            },
            "suggest": {
                "zendframework/zend-json": "To check latest version hosted in GitHub"
            },
            "type": "library",
            "extra": {
                "branch-alias": {
                    "dev-master": "2.2-dev",
                    "dev-develop": "2.3-dev"
                }
            },
            "autoload": {
                "psr-0": {
                    "Zend\\Version\\": ""
                }
            },
            "notification-url": "https://packagist.org/downloads/",
            "license": [
                "BSD-3-Clause"
            ],
            "keywords": [
                "version",
                "zf2"
            ],
            "time": "2014-03-12 17:04:49"
        }
    ],
    "packages-dev": [],
    "aliases": [],
    "minimum-stability": "dev",
    "stability-flags": {
        "symfony/yaml": 20,
        "webino/webino-dev": 20
    },
    "prefer-stable": false,
    "platform": [],
    "platform-dev": []
}
